
Microsoft Visual Studio Solution File, Format Version 12.00
# Visual Studio 15
VisualStudioVersion = 15.0.28010.2026
MinimumVisualStudioVersion = 10.0.40219.1
Project("{FAE04EC0-301F-11D3-BF4B-00C04F79EFBC}") = "Roostersysteem", "Roostersysteem\Roostersysteem.csproj", "{C78B002C-4CDD-4FDF-84A5-05AA8BD4EE93}"
EndProject
Project("{FAE04EC0-301F-11D3-BF4B-00C04F79EFBC}") = "Roostersysteem.Tests", "Roostersysteem.Tests\Roostersysteem.Tests.csproj", "{16E0C291-5680-40F8-8A9B-8A669BE7283F}"
EndProject
Global
	GlobalSection(SolutionConfigurationPlatforms) = preSolution
		Debug|Any CPU = Debug|Any CPU
		Release|Any CPU = Release|Any CPU
	EndGlobalSection
	GlobalSection(ProjectConfigurationPlatforms) = postSolution
		{C78B002C-4CDD-4FDF-84A5-05AA8BD4EE93}.Debug|Any CPU.ActiveCfg = Debug|Any CPU
		{C78B002C-4CDD-4FDF-84A5-05AA8BD4EE93}.Debug|Any CPU.Build.0 = Debug|Any CPU
		{C78B002C-4CDD-4FDF-84A5-05AA8BD4EE93}.Release|Any CPU.ActiveCfg = Release|Any CPU
		{C78B002C-4CDD-4FDF-84A5-05AA8BD4EE93}.Release|Any CPU.Build.0 = Release|Any CPU
		{16E0C291-5680-40F8-8A9B-8A669BE7283F}.Debug|Any CPU.ActiveCfg = Debug|Any CPU
		{16E0C291-5680-40F8-8A9B-8A669BE7283F}.Debug|Any CPU.Build.0 = Debug|Any CPU
		{16E0C291-5680-40F8-8A9B-8A669BE7283F}.Release|Any CPU.ActiveCfg = Release|Any CPU
		{16E0C291-5680-40F8-8A9B-8A669BE7283F}.Release|Any CPU.Build.0 = Release|Any CPU
	EndGlobalSection
	GlobalSection(SolutionProperties) = preSolution
		HideSolutionNode = FALSE
	EndGlobalSection
	GlobalSection(ExtensibilityGlobals) = postSolution
		SolutionGuid = {49994631-0392-4D23-8297-0CA2676862D2}
	EndGlobalSection
EndGlobal
